// !$*UTF8*$!
{
	archiveVersion = 1;
	classes = {
	};
	objectVersion = 51;
	objects = {

/* Begin PBXBuildFile section */
		00178983C32D14E9227D285B /* Pods_WeatherAppTests.framework in Frameworks */ = {isa = PBXBuildFile; fileRef = 95852120AC92DD0AADA4E607 /* Pods_WeatherAppTests.framework */; };
		0729064D263872280093082B /* AutoEquatable.generated.swift in Sources */ = {isa = PBXBuildFile; fileRef = 0729064B263872280093082B /* AutoEquatable.generated.swift */; };
		0729064E263872280093082B /* AutoMockable.generated.swift in Sources */ = {isa = PBXBuildFile; fileRef = 0729064C263872280093082B /* AutoMockable.generated.swift */; };
		072906502638AFEB0093082B /* HomeViewModelMapperTests.swift in Sources */ = {isa = PBXBuildFile; fileRef = 0729064F2638AFEB0093082B /* HomeViewModelMapperTests.swift */; };
		072906542638B31A0093082B /* DetailPresenterTests.swift in Sources */ = {isa = PBXBuildFile; fileRef = 072906532638B31A0093082B /* DetailPresenterTests.swift */; };
		072906572638B7280093082B /* InfoViewModelMapperTests.swift in Sources */ = {isa = PBXBuildFile; fileRef = 072906562638B7280093082B /* InfoViewModelMapperTests.swift */; };
		073A82F72631CE730024B0A6 /* WeatherDataManager.swift in Sources */ = {isa = PBXBuildFile; fileRef = 073A82F62631CE730024B0A6 /* WeatherDataManager.swift */; };
		0755F75D263800210046A69A /* InfoView.swift in Sources */ = {isa = PBXBuildFile; fileRef = 0755F75C263800210046A69A /* InfoView.swift */; };
		075757DB2631D60000176365 /* StorageClient.swift in Sources */ = {isa = PBXBuildFile; fileRef = 075757DA2631D60000176365 /* StorageClient.swift */; };
		075757E62631DEB400176365 /* HomeInteractor.swift in Sources */ = {isa = PBXBuildFile; fileRef = 075757E52631DEB400176365 /* HomeInteractor.swift */; };
		075757EB2631FE2600176365 /* HomePresenter.swift in Sources */ = {isa = PBXBuildFile; fileRef = 075757EA2631FE2600176365 /* HomePresenter.swift */; };
		075757F126320A6A00176365 /* WeatherMoment.swift in Sources */ = {isa = PBXBuildFile; fileRef = 075757F026320A6A00176365 /* WeatherMoment.swift */; };
		075757F626320B1E00176365 /* WeatherMomentMapper.swift in Sources */ = {isa = PBXBuildFile; fileRef = 075757F526320B1E00176365 /* WeatherMomentMapper.swift */; };
		076812BA2631B52F0023448F /* AppDelegate.swift in Sources */ = {isa = PBXBuildFile; fileRef = 076812B92631B52F0023448F /* AppDelegate.swift */; };
		076812BC2631B52F0023448F /* SceneDelegate.swift in Sources */ = {isa = PBXBuildFile; fileRef = 076812BB2631B52F0023448F /* SceneDelegate.swift */; };
		076812BE2631B52F0023448F /* ViewController.swift in Sources */ = {isa = PBXBuildFile; fileRef = 076812BD2631B52F0023448F /* ViewController.swift */; };
		076812C12631B52F0023448F /* Main.storyboard in Resources */ = {isa = PBXBuildFile; fileRef = 076812BF2631B52F0023448F /* Main.storyboard */; };
		076812C32631B5300023448F /* Assets.xcassets in Resources */ = {isa = PBXBuildFile; fileRef = 076812C22631B5300023448F /* Assets.xcassets */; };
		076812C62631B5300023448F /* LaunchScreen.storyboard in Resources */ = {isa = PBXBuildFile; fileRef = 076812C42631B5300023448F /* LaunchScreen.storyboard */; };
		076812DC2631B5300023448F /* WeatherAppUITests.swift in Sources */ = {isa = PBXBuildFile; fileRef = 076812DB2631B5300023448F /* WeatherAppUITests.swift */; };
		076812F42631B6970023448F /* ApiClient.swift in Sources */ = {isa = PBXBuildFile; fileRef = 076812F32631B6970023448F /* ApiClient.swift */; };
		076813072631C9DD0023448F /* WeatherDTO.swift in Sources */ = {isa = PBXBuildFile; fileRef = 076813062631C9DD0023448F /* WeatherDTO.swift */; };
		07AC7AFB26380768000AB5AF /* InfoViewModel.swift in Sources */ = {isa = PBXBuildFile; fileRef = 07AC7AFA26380768000AB5AF /* InfoViewModel.swift */; };
		07B3A2982633031400DE8890 /* HomeViewModel.swift in Sources */ = {isa = PBXBuildFile; fileRef = 07B3A2972633031400DE8890 /* HomeViewModel.swift */; };
		07B3A29D26330F3900DE8890 /* HomeViewController.swift in Sources */ = {isa = PBXBuildFile; fileRef = 07B3A29C26330F3900DE8890 /* HomeViewController.swift */; };
		07B3A2A22633140F00DE8890 /* HomeAssembler.swift in Sources */ = {isa = PBXBuildFile; fileRef = 07B3A2A12633140F00DE8890 /* HomeAssembler.swift */; };
		07B3A2A72633175D00DE8890 /* HomeCell.swift in Sources */ = {isa = PBXBuildFile; fileRef = 07B3A2A62633175D00DE8890 /* HomeCell.swift */; };
		07B3A2AD2634664000DE8890 /* Date+Utils.swift in Sources */ = {isa = PBXBuildFile; fileRef = 07B3A2AC2634664000DE8890 /* Date+Utils.swift */; };
		07B3A2B22634684D00DE8890 /* UIViewController+Utils.swift in Sources */ = {isa = PBXBuildFile; fileRef = 07B3A2B12634684D00DE8890 /* UIViewController+Utils.swift */; };
		07B3A2B826346CE100DE8890 /* WeatherColors.swift in Sources */ = {isa = PBXBuildFile; fileRef = 07B3A2B726346CE100DE8890 /* WeatherColors.swift */; };
		07B3A2BF26356EA600DE8890 /* HomePresenterTests.swift in Sources */ = {isa = PBXBuildFile; fileRef = 07B3A2BE26356EA600DE8890 /* HomePresenterTests.swift */; };
		07B3A2C82636F7AC00DE8890 /* HomeInteractorTests.swift in Sources */ = {isa = PBXBuildFile; fileRef = 07B3A2C72636F7AC00DE8890 /* HomeInteractorTests.swift */; };
		07B3A2D12636FD3D00DE8890 /* WeatherMomentMapperTests.swift in Sources */ = {isa = PBXBuildFile; fileRef = 07B3A2D02636FD3D00DE8890 /* WeatherMomentMapperTests.swift */; };
		07B3A2D92636FD9A00DE8890 /* Utils.swift in Sources */ = {isa = PBXBuildFile; fileRef = 07B3A2D82636FD9A00DE8890 /* Utils.swift */; };
		07B3A2DE263700EC00DE8890 /* HomeRouter.swift in Sources */ = {isa = PBXBuildFile; fileRef = 07B3A2DD263700EC00DE8890 /* HomeRouter.swift */; };
		07B3A2E32637032000DE8890 /* NavigableView.swift in Sources */ = {isa = PBXBuildFile; fileRef = 07B3A2E22637032000DE8890 /* NavigableView.swift */; };
		07B3A2EC2637057F00DE8890 /* DetailViewController.swift in Sources */ = {isa = PBXBuildFile; fileRef = 07B3A2EB2637057F00DE8890 /* DetailViewController.swift */; };
		07B3A2F1263708D000DE8890 /* DetailPresenter.swift in Sources */ = {isa = PBXBuildFile; fileRef = 07B3A2F0263708D000DE8890 /* DetailPresenter.swift */; };
		07B3A2F726370AA200DE8890 /* SelectorViewModel.swift in Sources */ = {isa = PBXBuildFile; fileRef = 07B3A2F626370AA200DE8890 /* SelectorViewModel.swift */; };
		07B3A2FF26370C6100DE8890 /* SelectorCell.swift in Sources */ = {isa = PBXBuildFile; fileRef = 07B3A2FE26370C6100DE8890 /* SelectorCell.swift */; };
		07B3A30426370EAD00DE8890 /* DetailAssembler.swift in Sources */ = {isa = PBXBuildFile; fileRef = 07B3A30326370EAD00DE8890 /* DetailAssembler.swift */; };
		1B00083683A2C8F531FA1ACC /* Pods_WeatherApp.framework in Frameworks */ = {isa = PBXBuildFile; fileRef = D9B403266F4DDEB85F88D5F2 /* Pods_WeatherApp.framework */; };
		8903DBA42295F385962DC2F9 /* Pods_WeatherApp_WeatherAppUITests.framework in Frameworks */ = {isa = PBXBuildFile; fileRef = 5059E495D008FCBCD240FBEA /* Pods_WeatherApp_WeatherAppUITests.framework */; };
/* End PBXBuildFile section */

/* Begin PBXContainerItemProxy section */
		076812CD2631B5300023448F /* PBXContainerItemProxy */ = {
			isa = PBXContainerItemProxy;
			containerPortal = 076812AE2631B52F0023448F /* Project object */;
			proxyType = 1;
			remoteGlobalIDString = 076812B52631B52F0023448F;
			remoteInfo = WeatherApp;
		};
		076812D82631B5300023448F /* PBXContainerItemProxy */ = {
			isa = PBXContainerItemProxy;
			containerPortal = 076812AE2631B52F0023448F /* Project object */;
			proxyType = 1;
			remoteGlobalIDString = 076812B52631B52F0023448F;
			remoteInfo = WeatherApp;
		};
/* End PBXContainerItemProxy section */

/* Begin PBXFileReference section */
		0729064B263872280093082B /* AutoEquatable.generated.swift */ = {isa = PBXFileReference; fileEncoding = 4; lastKnownFileType = sourcecode.swift; path = AutoEquatable.generated.swift; sourceTree = "<group>"; };
		0729064C263872280093082B /* AutoMockable.generated.swift */ = {isa = PBXFileReference; fileEncoding = 4; lastKnownFileType = sourcecode.swift; path = AutoMockable.generated.swift; sourceTree = "<group>"; };
		0729064F2638AFEB0093082B /* HomeViewModelMapperTests.swift */ = {isa = PBXFileReference; lastKnownFileType = sourcecode.swift; path = HomeViewModelMapperTests.swift; sourceTree = "<group>"; };
		072906532638B31A0093082B /* DetailPresenterTests.swift */ = {isa = PBXFileReference; lastKnownFileType = sourcecode.swift; path = DetailPresenterTests.swift; sourceTree = "<group>"; };
		072906562638B7280093082B /* InfoViewModelMapperTests.swift */ = {isa = PBXFileReference; lastKnownFileType = sourcecode.swift; path = InfoViewModelMapperTests.swift; sourceTree = "<group>"; };
		073A82F62631CE730024B0A6 /* WeatherDataManager.swift */ = {isa = PBXFileReference; lastKnownFileType = sourcecode.swift; path = WeatherDataManager.swift; sourceTree = "<group>"; };
		0755F75C263800210046A69A /* InfoView.swift */ = {isa = PBXFileReference; lastKnownFileType = sourcecode.swift; path = InfoView.swift; sourceTree = "<group>"; };
		075757DA2631D60000176365 /* StorageClient.swift */ = {isa = PBXFileReference; lastKnownFileType = sourcecode.swift; path = StorageClient.swift; sourceTree = "<group>"; };
		075757E52631DEB400176365 /* HomeInteractor.swift */ = {isa = PBXFileReference; lastKnownFileType = sourcecode.swift; path = HomeInteractor.swift; sourceTree = "<group>"; };
		075757EA2631FE2600176365 /* HomePresenter.swift */ = {isa = PBXFileReference; lastKnownFileType = sourcecode.swift; path = HomePresenter.swift; sourceTree = "<group>"; };
		075757F026320A6A00176365 /* WeatherMoment.swift */ = {isa = PBXFileReference; lastKnownFileType = sourcecode.swift; path = WeatherMoment.swift; sourceTree = "<group>"; };
		075757F526320B1E00176365 /* WeatherMomentMapper.swift */ = {isa = PBXFileReference; lastKnownFileType = sourcecode.swift; path = WeatherMomentMapper.swift; sourceTree = "<group>"; };
		076812B62631B52F0023448F /* WeatherApp.app */ = {isa = PBXFileReference; explicitFileType = wrapper.application; includeInIndex = 0; path = WeatherApp.app; sourceTree = BUILT_PRODUCTS_DIR; };
		076812B92631B52F0023448F /* AppDelegate.swift */ = {isa = PBXFileReference; lastKnownFileType = sourcecode.swift; path = AppDelegate.swift; sourceTree = "<group>"; };
		076812BB2631B52F0023448F /* SceneDelegate.swift */ = {isa = PBXFileReference; lastKnownFileType = sourcecode.swift; path = SceneDelegate.swift; sourceTree = "<group>"; };
		076812BD2631B52F0023448F /* ViewController.swift */ = {isa = PBXFileReference; lastKnownFileType = sourcecode.swift; path = ViewController.swift; sourceTree = "<group>"; };
		076812C02631B52F0023448F /* Base */ = {isa = PBXFileReference; lastKnownFileType = file.storyboard; name = Base; path = Base.lproj/Main.storyboard; sourceTree = "<group>"; };
		076812C22631B5300023448F /* Assets.xcassets */ = {isa = PBXFileReference; lastKnownFileType = folder.assetcatalog; path = Assets.xcassets; sourceTree = "<group>"; };
		076812C52631B5300023448F /* Base */ = {isa = PBXFileReference; lastKnownFileType = file.storyboard; name = Base; path = Base.lproj/LaunchScreen.storyboard; sourceTree = "<group>"; };
		076812C72631B5300023448F /* Info.plist */ = {isa = PBXFileReference; lastKnownFileType = text.plist.xml; path = Info.plist; sourceTree = "<group>"; };
		076812CC2631B5300023448F /* WeatherAppTests.xctest */ = {isa = PBXFileReference; explicitFileType = wrapper.cfbundle; includeInIndex = 0; path = WeatherAppTests.xctest; sourceTree = BUILT_PRODUCTS_DIR; };
		076812D22631B5300023448F /* Info.plist */ = {isa = PBXFileReference; lastKnownFileType = text.plist.xml; path = Info.plist; sourceTree = "<group>"; };
		076812D72631B5300023448F /* WeatherAppUITests.xctest */ = {isa = PBXFileReference; explicitFileType = wrapper.cfbundle; includeInIndex = 0; path = WeatherAppUITests.xctest; sourceTree = BUILT_PRODUCTS_DIR; };
		076812DB2631B5300023448F /* WeatherAppUITests.swift */ = {isa = PBXFileReference; lastKnownFileType = sourcecode.swift; path = WeatherAppUITests.swift; sourceTree = "<group>"; };
		076812DD2631B5300023448F /* Info.plist */ = {isa = PBXFileReference; lastKnownFileType = text.plist.xml; path = Info.plist; sourceTree = "<group>"; };
		076812F32631B6970023448F /* ApiClient.swift */ = {isa = PBXFileReference; lastKnownFileType = sourcecode.swift; path = ApiClient.swift; sourceTree = "<group>"; };
		076813062631C9DD0023448F /* WeatherDTO.swift */ = {isa = PBXFileReference; lastKnownFileType = sourcecode.swift; path = WeatherDTO.swift; sourceTree = "<group>"; };
		07AC7AFA26380768000AB5AF /* InfoViewModel.swift */ = {isa = PBXFileReference; lastKnownFileType = sourcecode.swift; path = InfoViewModel.swift; sourceTree = "<group>"; };
		07B3A2972633031400DE8890 /* HomeViewModel.swift */ = {isa = PBXFileReference; lastKnownFileType = sourcecode.swift; path = HomeViewModel.swift; sourceTree = "<group>"; };
		07B3A29C26330F3900DE8890 /* HomeViewController.swift */ = {isa = PBXFileReference; lastKnownFileType = sourcecode.swift; path = HomeViewController.swift; sourceTree = "<group>"; };
		07B3A2A12633140F00DE8890 /* HomeAssembler.swift */ = {isa = PBXFileReference; lastKnownFileType = sourcecode.swift; path = HomeAssembler.swift; sourceTree = "<group>"; };
		07B3A2A62633175D00DE8890 /* HomeCell.swift */ = {isa = PBXFileReference; lastKnownFileType = sourcecode.swift; path = HomeCell.swift; sourceTree = "<group>"; };
		07B3A2AC2634664000DE8890 /* Date+Utils.swift */ = {isa = PBXFileReference; lastKnownFileType = sourcecode.swift; path = "Date+Utils.swift"; sourceTree = "<group>"; };
		07B3A2B12634684D00DE8890 /* UIViewController+Utils.swift */ = {isa = PBXFileReference; lastKnownFileType = sourcecode.swift; path = "UIViewController+Utils.swift"; sourceTree = "<group>"; };
		07B3A2B726346CE100DE8890 /* WeatherColors.swift */ = {isa = PBXFileReference; lastKnownFileType = sourcecode.swift; path = WeatherColors.swift; sourceTree = "<group>"; };
		07B3A2BE26356EA600DE8890 /* HomePresenterTests.swift */ = {isa = PBXFileReference; lastKnownFileType = sourcecode.swift; path = HomePresenterTests.swift; sourceTree = "<group>"; };
		07B3A2C72636F7AC00DE8890 /* HomeInteractorTests.swift */ = {isa = PBXFileReference; lastKnownFileType = sourcecode.swift; path = HomeInteractorTests.swift; sourceTree = "<group>"; };
		07B3A2D02636FD3D00DE8890 /* WeatherMomentMapperTests.swift */ = {isa = PBXFileReference; lastKnownFileType = sourcecode.swift; path = WeatherMomentMapperTests.swift; sourceTree = "<group>"; };
		07B3A2D82636FD9A00DE8890 /* Utils.swift */ = {isa = PBXFileReference; lastKnownFileType = sourcecode.swift; path = Utils.swift; sourceTree = "<group>"; };
		07B3A2DD263700EC00DE8890 /* HomeRouter.swift */ = {isa = PBXFileReference; lastKnownFileType = sourcecode.swift; path = HomeRouter.swift; sourceTree = "<group>"; };
		07B3A2E22637032000DE8890 /* NavigableView.swift */ = {isa = PBXFileReference; lastKnownFileType = sourcecode.swift; path = NavigableView.swift; sourceTree = "<group>"; };
		07B3A2EB2637057F00DE8890 /* DetailViewController.swift */ = {isa = PBXFileReference; lastKnownFileType = sourcecode.swift; path = DetailViewController.swift; sourceTree = "<group>"; };
		07B3A2F0263708D000DE8890 /* DetailPresenter.swift */ = {isa = PBXFileReference; lastKnownFileType = sourcecode.swift; path = DetailPresenter.swift; sourceTree = "<group>"; };
		07B3A2F626370AA200DE8890 /* SelectorViewModel.swift */ = {isa = PBXFileReference; lastKnownFileType = sourcecode.swift; path = SelectorViewModel.swift; sourceTree = "<group>"; };
		07B3A2FE26370C6100DE8890 /* SelectorCell.swift */ = {isa = PBXFileReference; lastKnownFileType = sourcecode.swift; path = SelectorCell.swift; sourceTree = "<group>"; };
		07B3A30326370EAD00DE8890 /* DetailAssembler.swift */ = {isa = PBXFileReference; lastKnownFileType = sourcecode.swift; path = DetailAssembler.swift; sourceTree = "<group>"; };
		3A53CC69CFF0C9E6CEDFC2F0 /* Pods-WeatherApp.debug.xcconfig */ = {isa = PBXFileReference; includeInIndex = 1; lastKnownFileType = text.xcconfig; name = "Pods-WeatherApp.debug.xcconfig"; path = "Target Support Files/Pods-WeatherApp/Pods-WeatherApp.debug.xcconfig"; sourceTree = "<group>"; };
		5059E495D008FCBCD240FBEA /* Pods_WeatherApp_WeatherAppUITests.framework */ = {isa = PBXFileReference; explicitFileType = wrapper.framework; includeInIndex = 0; path = Pods_WeatherApp_WeatherAppUITests.framework; sourceTree = BUILT_PRODUCTS_DIR; };
		95852120AC92DD0AADA4E607 /* Pods_WeatherAppTests.framework */ = {isa = PBXFileReference; explicitFileType = wrapper.framework; includeInIndex = 0; path = Pods_WeatherAppTests.framework; sourceTree = BUILT_PRODUCTS_DIR; };
		9A275FFC9009AFF8EEFD9DC7 /* Pods-WeatherApp-WeatherAppUITests.release.xcconfig */ = {isa = PBXFileReference; includeInIndex = 1; lastKnownFileType = text.xcconfig; name = "Pods-WeatherApp-WeatherAppUITests.release.xcconfig"; path = "Target Support Files/Pods-WeatherApp-WeatherAppUITests/Pods-WeatherApp-WeatherAppUITests.release.xcconfig"; sourceTree = "<group>"; };
		BD05F3E8A97E3FB40BF6C6FB /* Pods-WeatherApp-WeatherAppUITests.debug.xcconfig */ = {isa = PBXFileReference; includeInIndex = 1; lastKnownFileType = text.xcconfig; name = "Pods-WeatherApp-WeatherAppUITests.debug.xcconfig"; path = "Target Support Files/Pods-WeatherApp-WeatherAppUITests/Pods-WeatherApp-WeatherAppUITests.debug.xcconfig"; sourceTree = "<group>"; };
		C69007DBE591A5DA56E40128 /* Pods-WeatherAppTests.release.xcconfig */ = {isa = PBXFileReference; includeInIndex = 1; lastKnownFileType = text.xcconfig; name = "Pods-WeatherAppTests.release.xcconfig"; path = "Target Support Files/Pods-WeatherAppTests/Pods-WeatherAppTests.release.xcconfig"; sourceTree = "<group>"; };
		D9B403266F4DDEB85F88D5F2 /* Pods_WeatherApp.framework */ = {isa = PBXFileReference; explicitFileType = wrapper.framework; includeInIndex = 0; path = Pods_WeatherApp.framework; sourceTree = BUILT_PRODUCTS_DIR; };
		DE0652D4BDBAC198B03A587A /* Pods-WeatherApp.release.xcconfig */ = {isa = PBXFileReference; includeInIndex = 1; lastKnownFileType = text.xcconfig; name = "Pods-WeatherApp.release.xcconfig"; path = "Target Support Files/Pods-WeatherApp/Pods-WeatherApp.release.xcconfig"; sourceTree = "<group>"; };
		E93A0685D75C12B7A47F8569 /* Pods-WeatherAppTests.debug.xcconfig */ = {isa = PBXFileReference; includeInIndex = 1; lastKnownFileType = text.xcconfig; name = "Pods-WeatherAppTests.debug.xcconfig"; path = "Target Support Files/Pods-WeatherAppTests/Pods-WeatherAppTests.debug.xcconfig"; sourceTree = "<group>"; };
/* End PBXFileReference section */

/* Begin PBXFrameworksBuildPhase section */
		076812B32631B52F0023448F /* Frameworks */ = {
			isa = PBXFrameworksBuildPhase;
			buildActionMask = 2147483647;
			files = (
				1B00083683A2C8F531FA1ACC /* Pods_WeatherApp.framework in Frameworks */,
			);
			runOnlyForDeploymentPostprocessing = 0;
		};
		076812C92631B5300023448F /* Frameworks */ = {
			isa = PBXFrameworksBuildPhase;
			buildActionMask = 2147483647;
			files = (
				00178983C32D14E9227D285B /* Pods_WeatherAppTests.framework in Frameworks */,
			);
			runOnlyForDeploymentPostprocessing = 0;
		};
		076812D42631B5300023448F /* Frameworks */ = {
			isa = PBXFrameworksBuildPhase;
			buildActionMask = 2147483647;
			files = (
				8903DBA42295F385962DC2F9 /* Pods_WeatherApp_WeatherAppUITests.framework in Frameworks */,
			);
			runOnlyForDeploymentPostprocessing = 0;
		};
/* End PBXFrameworksBuildPhase section */

/* Begin PBXGroup section */
		0729064A263872140093082B /* Generated */ = {
			isa = PBXGroup;
			children = (
				0729064B263872280093082B /* AutoEquatable.generated.swift */,
				0729064C263872280093082B /* AutoMockable.generated.swift */,
			);
			path = Generated;
			sourceTree = "<group>";
		};
		072906512638B3010093082B /* Detail */ = {
			isa = PBXGroup;
			children = (
				072906552638B70B0093082B /* View */,
				072906522638B3090093082B /* Presenter */,
			);
			path = Detail;
			sourceTree = "<group>";
		};
		072906522638B3090093082B /* Presenter */ = {
			isa = PBXGroup;
			children = (
				072906532638B31A0093082B /* DetailPresenterTests.swift */,
			);
			path = Presenter;
			sourceTree = "<group>";
		};
		072906552638B70B0093082B /* View */ = {
			isa = PBXGroup;
			children = (
				072906562638B7280093082B /* InfoViewModelMapperTests.swift */,
			);
			path = View;
			sourceTree = "<group>";
		};
		075757D92631D5EE00176365 /* Storage */ = {
			isa = PBXGroup;
			children = (
				075757DA2631D60000176365 /* StorageClient.swift */,
			);
			path = Storage;
			sourceTree = "<group>";
		};
		075757DF2631DE5400176365 /* Home */ = {
			isa = PBXGroup;
			children = (
				075757EF26320A4D00176365 /* Model */,
				075757E42631DEA200176365 /* Assembler */,
				075757E32631DE9E00176365 /* Router */,
				075757E22631DE9900176365 /* View */,
				075757E12631DE9500176365 /* Presenter */,
				075757E02631DE8F00176365 /* Interactor */,
			);
			path = Home;
			sourceTree = "<group>";
		};
		075757E02631DE8F00176365 /* Interactor */ = {
			isa = PBXGroup;
			children = (
				075757E52631DEB400176365 /* HomeInteractor.swift */,
			);
			path = Interactor;
			sourceTree = "<group>";
		};
		075757E12631DE9500176365 /* Presenter */ = {
			isa = PBXGroup;
			children = (
				075757EA2631FE2600176365 /* HomePresenter.swift */,
			);
			path = Presenter;
			sourceTree = "<group>";
		};
		075757E22631DE9900176365 /* View */ = {
			isa = PBXGroup;
			children = (
				07B3A2962633030500DE8890 /* HomeViewModel */,
				07B3A29C26330F3900DE8890 /* HomeViewController.swift */,
				07B3A2A62633175D00DE8890 /* HomeCell.swift */,
			);
			path = View;
			sourceTree = "<group>";
		};
		075757E32631DE9E00176365 /* Router */ = {
			isa = PBXGroup;
			children = (
				07B3A2DD263700EC00DE8890 /* HomeRouter.swift */,
			);
			path = Router;
			sourceTree = "<group>";
		};
		075757E42631DEA200176365 /* Assembler */ = {
			isa = PBXGroup;
			children = (
				07B3A2A12633140F00DE8890 /* HomeAssembler.swift */,
			);
			path = Assembler;
			sourceTree = "<group>";
		};
		075757EF26320A4D00176365 /* Model */ = {
			isa = PBXGroup;
			children = (
				075757F026320A6A00176365 /* WeatherMoment.swift */,
				075757F526320B1E00176365 /* WeatherMomentMapper.swift */,
			);
			path = Model;
			sourceTree = "<group>";
		};
		076812AD2631B52F0023448F = {
			isa = PBXGroup;
			children = (
				076812B82631B52F0023448F /* WeatherApp */,
				076812CF2631B5300023448F /* WeatherAppTests */,
				076812DA2631B5300023448F /* WeatherAppUITests */,
				076812B72631B52F0023448F /* Products */,
				920FB536774FF200A40F172B /* Pods */,
				6F71F160CF8DF1C82A4F5B45 /* Frameworks */,
			);
			sourceTree = "<group>";
		};
		076812B72631B52F0023448F /* Products */ = {
			isa = PBXGroup;
			children = (
				076812B62631B52F0023448F /* WeatherApp.app */,
				076812CC2631B5300023448F /* WeatherAppTests.xctest */,
				076812D72631B5300023448F /* WeatherAppUITests.xctest */,
			);
			name = Products;
			sourceTree = "<group>";
		};
		076812B82631B52F0023448F /* WeatherApp */ = {
			isa = PBXGroup;
			children = (
				07B3A2E72637053D00DE8890 /* Detail */,
				07B3A2B626346CC700DE8890 /* Resources */,
				07B3A2AB2634662500DE8890 /* Utils */,
				075757DF2631DE5400176365 /* Home */,
				075757D92631D5EE00176365 /* Storage */,
				076813052631C9CA0023448F /* WeatherDataManager */,
				076812F22631B68A0023448F /* Network */,
				076812B92631B52F0023448F /* AppDelegate.swift */,
				076812BB2631B52F0023448F /* SceneDelegate.swift */,
				076812BD2631B52F0023448F /* ViewController.swift */,
				076812BF2631B52F0023448F /* Main.storyboard */,
				076812C22631B5300023448F /* Assets.xcassets */,
				076812C42631B5300023448F /* LaunchScreen.storyboard */,
				076812C72631B5300023448F /* Info.plist */,
			);
			path = WeatherApp;
			sourceTree = "<group>";
		};
		076812CF2631B5300023448F /* WeatherAppTests */ = {
			isa = PBXGroup;
			children = (
				072906512638B3010093082B /* Detail */,
				0729064A263872140093082B /* Generated */,
				07B3A2BC26356E7900DE8890 /* Home */,
				076812D22631B5300023448F /* Info.plist */,
			);
			path = WeatherAppTests;
			sourceTree = "<group>";
		};
		076812DA2631B5300023448F /* WeatherAppUITests */ = {
			isa = PBXGroup;
			children = (
				076812DB2631B5300023448F /* WeatherAppUITests.swift */,
				076812DD2631B5300023448F /* Info.plist */,
			);
			path = WeatherAppUITests;
			sourceTree = "<group>";
		};
		076812F22631B68A0023448F /* Network */ = {
			isa = PBXGroup;
			children = (
				076812F32631B6970023448F /* ApiClient.swift */,
			);
			path = Network;
			sourceTree = "<group>";
		};
		076813052631C9CA0023448F /* WeatherDataManager */ = {
			isa = PBXGroup;
			children = (
				076813062631C9DD0023448F /* WeatherDTO.swift */,
				073A82F62631CE730024B0A6 /* WeatherDataManager.swift */,
			);
			path = WeatherDataManager;
			sourceTree = "<group>";
		};
		07AC7AF926380759000AB5AF /* InfoViewModel */ = {
			isa = PBXGroup;
			children = (
				07AC7AFA26380768000AB5AF /* InfoViewModel.swift */,
			);
			path = InfoViewModel;
			sourceTree = "<group>";
		};
		07B3A2962633030500DE8890 /* HomeViewModel */ = {
			isa = PBXGroup;
			children = (
				07B3A2972633031400DE8890 /* HomeViewModel.swift */,
			);
			path = HomeViewModel;
			sourceTree = "<group>";
		};
		07B3A2AB2634662500DE8890 /* Utils */ = {
			isa = PBXGroup;
			children = (
				07B3A2AC2634664000DE8890 /* Date+Utils.swift */,
				07B3A2B12634684D00DE8890 /* UIViewController+Utils.swift */,
				07B3A2E22637032000DE8890 /* NavigableView.swift */,
			);
			path = Utils;
			sourceTree = "<group>";
		};
		07B3A2B626346CC700DE8890 /* Resources */ = {
			isa = PBXGroup;
			children = (
				07B3A2B726346CE100DE8890 /* WeatherColors.swift */,
			);
			path = Resources;
			sourceTree = "<group>";
		};
		07B3A2BC26356E7900DE8890 /* Home */ = {
			isa = PBXGroup;
			children = (
				07B3A2CF2636FCC700DE8890 /* Model */,
				07B3A2C62636F79B00DE8890 /* Interactor */,
				07B3A2BD26356E8000DE8890 /* Presenter */,
				0729064F2638AFEB0093082B /* HomeViewModelMapperTests.swift */,
			);
			path = Home;
			sourceTree = "<group>";
		};
		07B3A2BD26356E8000DE8890 /* Presenter */ = {
			isa = PBXGroup;
			children = (
				07B3A2BE26356EA600DE8890 /* HomePresenterTests.swift */,
			);
			path = Presenter;
			sourceTree = "<group>";
		};
		07B3A2C62636F79B00DE8890 /* Interactor */ = {
			isa = PBXGroup;
			children = (
				07B3A2C72636F7AC00DE8890 /* HomeInteractorTests.swift */,
			);
			path = Interactor;
			sourceTree = "<group>";
		};
		07B3A2CF2636FCC700DE8890 /* Model */ = {
			isa = PBXGroup;
			children = (
				07B3A2D02636FD3D00DE8890 /* WeatherMomentMapperTests.swift */,
				07B3A2D82636FD9A00DE8890 /* Utils.swift */,
			);
			path = Model;
			sourceTree = "<group>";
		};
		07B3A2E72637053D00DE8890 /* Detail */ = {
			isa = PBXGroup;
			children = (
				07B3A2EA2637056C00DE8890 /* Assembler */,
				07B3A2E92637056300DE8890 /* Presenter */,
				07B3A2E82637055B00DE8890 /* View */,
			);
			path = Detail;
			sourceTree = "<group>";
		};
		07B3A2E82637055B00DE8890 /* View */ = {
			isa = PBXGroup;
			children = (
				07AC7AF926380759000AB5AF /* InfoViewModel */,
				07B3A2F526370A9300DE8890 /* SelectorViewModel */,
				07B3A2EB2637057F00DE8890 /* DetailViewController.swift */,
				07B3A2FE26370C6100DE8890 /* SelectorCell.swift */,
				0755F75C263800210046A69A /* InfoView.swift */,
			);
			path = View;
			sourceTree = "<group>";
		};
		07B3A2E92637056300DE8890 /* Presenter */ = {
			isa = PBXGroup;
			children = (
				07B3A2F0263708D000DE8890 /* DetailPresenter.swift */,
			);
			path = Presenter;
			sourceTree = "<group>";
		};
		07B3A2EA2637056C00DE8890 /* Assembler */ = {
			isa = PBXGroup;
			children = (
				07B3A30326370EAD00DE8890 /* DetailAssembler.swift */,
			);
			path = Assembler;
			sourceTree = "<group>";
		};
		07B3A2F526370A9300DE8890 /* SelectorViewModel */ = {
			isa = PBXGroup;
			children = (
				07B3A2F626370AA200DE8890 /* SelectorViewModel.swift */,
			);
			path = SelectorViewModel;
			sourceTree = "<group>";
		};
		6F71F160CF8DF1C82A4F5B45 /* Frameworks */ = {
			isa = PBXGroup;
			children = (
				D9B403266F4DDEB85F88D5F2 /* Pods_WeatherApp.framework */,
				5059E495D008FCBCD240FBEA /* Pods_WeatherApp_WeatherAppUITests.framework */,
				95852120AC92DD0AADA4E607 /* Pods_WeatherAppTests.framework */,
			);
			name = Frameworks;
			sourceTree = "<group>";
		};
		920FB536774FF200A40F172B /* Pods */ = {
			isa = PBXGroup;
			children = (
				3A53CC69CFF0C9E6CEDFC2F0 /* Pods-WeatherApp.debug.xcconfig */,
				DE0652D4BDBAC198B03A587A /* Pods-WeatherApp.release.xcconfig */,
				BD05F3E8A97E3FB40BF6C6FB /* Pods-WeatherApp-WeatherAppUITests.debug.xcconfig */,
				9A275FFC9009AFF8EEFD9DC7 /* Pods-WeatherApp-WeatherAppUITests.release.xcconfig */,
				E93A0685D75C12B7A47F8569 /* Pods-WeatherAppTests.debug.xcconfig */,
				C69007DBE591A5DA56E40128 /* Pods-WeatherAppTests.release.xcconfig */,
			);
			path = Pods;
			sourceTree = "<group>";
		};
/* End PBXGroup section */

/* Begin PBXNativeTarget section */
		076812B52631B52F0023448F /* WeatherApp */ = {
			isa = PBXNativeTarget;
			buildConfigurationList = 076812E02631B5300023448F /* Build configuration list for PBXNativeTarget "WeatherApp" */;
			buildPhases = (
				BB6C8860B4216FB3DE988F0E /* [CP] Check Pods Manifest.lock */,
				076812B22631B52F0023448F /* Sources */,
				076812B32631B52F0023448F /* Frameworks */,
				076812B42631B52F0023448F /* Resources */,
				8426AA34F285F34745F8ABE2 /* [CP] Embed Pods Frameworks */,
				0729064426386ABB0093082B /* Sourcery */,
			);
			buildRules = (
			);
			dependencies = (
			);
			name = WeatherApp;
			productName = WeatherApp;
			productReference = 076812B62631B52F0023448F /* WeatherApp.app */;
			productType = "com.apple.product-type.application";
		};
		076812CB2631B5300023448F /* WeatherAppTests */ = {
			isa = PBXNativeTarget;
			buildConfigurationList = 076812E32631B5300023448F /* Build configuration list for PBXNativeTarget "WeatherAppTests" */;
			buildPhases = (
				46ED3CD2A3C02A926D7E701C /* [CP] Check Pods Manifest.lock */,
				076812C82631B5300023448F /* Sources */,
				076812C92631B5300023448F /* Frameworks */,
				076812CA2631B5300023448F /* Resources */,
			);
			buildRules = (
			);
			dependencies = (
				076812CE2631B5300023448F /* PBXTargetDependency */,
			);
			name = WeatherAppTests;
			productName = WeatherAppTests;
			productReference = 076812CC2631B5300023448F /* WeatherAppTests.xctest */;
			productType = "com.apple.product-type.bundle.unit-test";
		};
		076812D62631B5300023448F /* WeatherAppUITests */ = {
			isa = PBXNativeTarget;
			buildConfigurationList = 076812E62631B5300023448F /* Build configuration list for PBXNativeTarget "WeatherAppUITests" */;
			buildPhases = (
				CD860FFFDE19C74AA2ACA05F /* [CP] Check Pods Manifest.lock */,
				076812D32631B5300023448F /* Sources */,
				076812D42631B5300023448F /* Frameworks */,
				076812D52631B5300023448F /* Resources */,
				0B61E90CA61A86ABCB1E9F86 /* [CP] Embed Pods Frameworks */,
			);
			buildRules = (
			);
			dependencies = (
				076812D92631B5300023448F /* PBXTargetDependency */,
			);
			name = WeatherAppUITests;
			productName = WeatherAppUITests;
			productReference = 076812D72631B5300023448F /* WeatherAppUITests.xctest */;
			productType = "com.apple.product-type.bundle.ui-testing";
		};
/* End PBXNativeTarget section */

/* Begin PBXProject section */
		076812AE2631B52F0023448F /* Project object */ = {
			isa = PBXProject;
			attributes = {
				LastSwiftUpdateCheck = 1230;
				LastUpgradeCheck = 1230;
				TargetAttributes = {
					076812B52631B52F0023448F = {
						CreatedOnToolsVersion = 12.3;
					};
					076812CB2631B5300023448F = {
						CreatedOnToolsVersion = 12.3;
						TestTargetID = 076812B52631B52F0023448F;
					};
					076812D62631B5300023448F = {
						CreatedOnToolsVersion = 12.3;
						TestTargetID = 076812B52631B52F0023448F;
					};
				};
			};
			buildConfigurationList = 076812B12631B52F0023448F /* Build configuration list for PBXProject "WeatherApp" */;
			compatibilityVersion = "Xcode 9.3";
			developmentRegion = en;
			hasScannedForEncodings = 0;
			knownRegions = (
				en,
				Base,
			);
			mainGroup = 076812AD2631B52F0023448F;
			productRefGroup = 076812B72631B52F0023448F /* Products */;
			projectDirPath = "";
			projectRoot = "";
			targets = (
				076812B52631B52F0023448F /* WeatherApp */,
				076812CB2631B5300023448F /* WeatherAppTests */,
				076812D62631B5300023448F /* WeatherAppUITests */,
			);
		};
/* End PBXProject section */

/* Begin PBXResourcesBuildPhase section */
		076812B42631B52F0023448F /* Resources */ = {
			isa = PBXResourcesBuildPhase;
			buildActionMask = 2147483647;
			files = (
				076812C62631B5300023448F /* LaunchScreen.storyboard in Resources */,
				076812C32631B5300023448F /* Assets.xcassets in Resources */,
				076812C12631B52F0023448F /* Main.storyboard in Resources */,
			);
			runOnlyForDeploymentPostprocessing = 0;
		};
		076812CA2631B5300023448F /* Resources */ = {
			isa = PBXResourcesBuildPhase;
			buildActionMask = 2147483647;
			files = (
			);
			runOnlyForDeploymentPostprocessing = 0;
		};
		076812D52631B5300023448F /* Resources */ = {
			isa = PBXResourcesBuildPhase;
			buildActionMask = 2147483647;
			files = (
			);
			runOnlyForDeploymentPostprocessing = 0;
		};
/* End PBXResourcesBuildPhase section */

/* Begin PBXShellScriptBuildPhase section */
		0729064426386ABB0093082B /* Sourcery */ = {
			isa = PBXShellScriptBuildPhase;
			buildActionMask = 2147483647;
			files = (
			);
			inputFileListPaths = (
			);
			inputPaths = (
			);
			name = Sourcery;
			outputFileListPaths = (
			);
			outputPaths = (
			);
			runOnlyForDeploymentPostprocessing = 0;
			shellPath = /bin/sh;
			shellScript = "sh \"${PROJECT_DIR}/Tools/sourcery.sh\"\n";
		};
		0B61E90CA61A86ABCB1E9F86 /* [CP] Embed Pods Frameworks */ = {
			isa = PBXShellScriptBuildPhase;
			buildActionMask = 2147483647;
			files = (
			);
			inputFileListPaths = (
				"${PODS_ROOT}/Target Support Files/Pods-WeatherApp-WeatherAppUITests/Pods-WeatherApp-WeatherAppUITests-frameworks-${CONFIGURATION}-input-files.xcfilelist",
			);
			name = "[CP] Embed Pods Frameworks";
			outputFileListPaths = (
				"${PODS_ROOT}/Target Support Files/Pods-WeatherApp-WeatherAppUITests/Pods-WeatherApp-WeatherAppUITests-frameworks-${CONFIGURATION}-output-files.xcfilelist",
			);
			runOnlyForDeploymentPostprocessing = 0;
			shellPath = /bin/sh;
			shellScript = "\"${PODS_ROOT}/Target Support Files/Pods-WeatherApp-WeatherAppUITests/Pods-WeatherApp-WeatherAppUITests-frameworks.sh\"\n";
			showEnvVarsInLog = 0;
		};
		46ED3CD2A3C02A926D7E701C /* [CP] Check Pods Manifest.lock */ = {
			isa = PBXShellScriptBuildPhase;
			buildActionMask = 2147483647;
			files = (
			);
			inputFileListPaths = (
			);
			inputPaths = (
				"${PODS_PODFILE_DIR_PATH}/Podfile.lock",
				"${PODS_ROOT}/Manifest.lock",
			);
			name = "[CP] Check Pods Manifest.lock";
			outputFileListPaths = (
			);
			outputPaths = (
				"$(DERIVED_FILE_DIR)/Pods-WeatherAppTests-checkManifestLockResult.txt",
			);
			runOnlyForDeploymentPostprocessing = 0;
			shellPath = /bin/sh;
			shellScript = "diff \"${PODS_PODFILE_DIR_PATH}/Podfile.lock\" \"${PODS_ROOT}/Manifest.lock\" > /dev/null\nif [ $? != 0 ] ; then\n    # print error to STDERR\n    echo \"error: The sandbox is not in sync with the Podfile.lock. Run 'pod install' or update your CocoaPods installation.\" >&2\n    exit 1\nfi\n# This output is used by Xcode 'outputs' to avoid re-running this script phase.\necho \"SUCCESS\" > \"${SCRIPT_OUTPUT_FILE_0}\"\n";
			showEnvVarsInLog = 0;
		};
		8426AA34F285F34745F8ABE2 /* [CP] Embed Pods Frameworks */ = {
			isa = PBXShellScriptBuildPhase;
			buildActionMask = 2147483647;
			files = (
			);
			inputFileListPaths = (
				"${PODS_ROOT}/Target Support Files/Pods-WeatherApp/Pods-WeatherApp-frameworks-${CONFIGURATION}-input-files.xcfilelist",
			);
			name = "[CP] Embed Pods Frameworks";
			outputFileListPaths = (
				"${PODS_ROOT}/Target Support Files/Pods-WeatherApp/Pods-WeatherApp-frameworks-${CONFIGURATION}-output-files.xcfilelist",
			);
			runOnlyForDeploymentPostprocessing = 0;
			shellPath = /bin/sh;
			shellScript = "\"${PODS_ROOT}/Target Support Files/Pods-WeatherApp/Pods-WeatherApp-frameworks.sh\"\n";
			showEnvVarsInLog = 0;
		};
		BB6C8860B4216FB3DE988F0E /* [CP] Check Pods Manifest.lock */ = {
			isa = PBXShellScriptBuildPhase;
			buildActionMask = 2147483647;
			files = (
			);
			inputFileListPaths = (
			);
			inputPaths = (
				"${PODS_PODFILE_DIR_PATH}/Podfile.lock",
				"${PODS_ROOT}/Manifest.lock",
			);
			name = "[CP] Check Pods Manifest.lock";
			outputFileListPaths = (
			);
			outputPaths = (
				"$(DERIVED_FILE_DIR)/Pods-WeatherApp-checkManifestLockResult.txt",
			);
			runOnlyForDeploymentPostprocessing = 0;
			shellPath = /bin/sh;
			shellScript = "diff \"${PODS_PODFILE_DIR_PATH}/Podfile.lock\" \"${PODS_ROOT}/Manifest.lock\" > /dev/null\nif [ $? != 0 ] ; then\n    # print error to STDERR\n    echo \"error: The sandbox is not in sync with the Podfile.lock. Run 'pod install' or update your CocoaPods installation.\" >&2\n    exit 1\nfi\n# This output is used by Xcode 'outputs' to avoid re-running this script phase.\necho \"SUCCESS\" > \"${SCRIPT_OUTPUT_FILE_0}\"\n";
			showEnvVarsInLog = 0;
		};
		CD860FFFDE19C74AA2ACA05F /* [CP] Check Pods Manifest.lock */ = {
			isa = PBXShellScriptBuildPhase;
			buildActionMask = 2147483647;
			files = (
			);
			inputFileListPaths = (
			);
			inputPaths = (
				"${PODS_PODFILE_DIR_PATH}/Podfile.lock",
				"${PODS_ROOT}/Manifest.lock",
			);
			name = "[CP] Check Pods Manifest.lock";
			outputFileListPaths = (
			);
			outputPaths = (
				"$(DERIVED_FILE_DIR)/Pods-WeatherApp-WeatherAppUITests-checkManifestLockResult.txt",
			);
			runOnlyForDeploymentPostprocessing = 0;
			shellPath = /bin/sh;
			shellScript = "diff \"${PODS_PODFILE_DIR_PATH}/Podfile.lock\" \"${PODS_ROOT}/Manifest.lock\" > /dev/null\nif [ $? != 0 ] ; then\n    # print error to STDERR\n    echo \"error: The sandbox is not in sync with the Podfile.lock. Run 'pod install' or update your CocoaPods installation.\" >&2\n    exit 1\nfi\n# This output is used by Xcode 'outputs' to avoid re-running this script phase.\necho \"SUCCESS\" > \"${SCRIPT_OUTPUT_FILE_0}\"\n";
			showEnvVarsInLog = 0;
		};
/* End PBXShellScriptBuildPhase section */

/* Begin PBXSourcesBuildPhase section */
		076812B22631B52F0023448F /* Sources */ = {
			isa = PBXSourcesBuildPhase;
			buildActionMask = 2147483647;
			files = (
				07B3A30426370EAD00DE8890 /* DetailAssembler.swift in Sources */,
				073A82F72631CE730024B0A6 /* WeatherDataManager.swift in Sources */,
				076812BE2631B52F0023448F /* ViewController.swift in Sources */,
				07B3A2B22634684D00DE8890 /* UIViewController+Utils.swift in Sources */,
				075757DB2631D60000176365 /* StorageClient.swift in Sources */,
				07AC7AFB26380768000AB5AF /* InfoViewModel.swift in Sources */,
				07B3A2DE263700EC00DE8890 /* HomeRouter.swift in Sources */,
				075757E62631DEB400176365 /* HomeInteractor.swift in Sources */,
				07B3A2EC2637057F00DE8890 /* DetailViewController.swift in Sources */,
				07B3A2F726370AA200DE8890 /* SelectorViewModel.swift in Sources */,
				07B3A2A72633175D00DE8890 /* HomeCell.swift in Sources */,
				07B3A2AD2634664000DE8890 /* Date+Utils.swift in Sources */,
				075757F126320A6A00176365 /* WeatherMoment.swift in Sources */,
				076812F42631B6970023448F /* ApiClient.swift in Sources */,
				075757F626320B1E00176365 /* WeatherMomentMapper.swift in Sources */,
				07B3A2982633031400DE8890 /* HomeViewModel.swift in Sources */,
				076813072631C9DD0023448F /* WeatherDTO.swift in Sources */,
				075757EB2631FE2600176365 /* HomePresenter.swift in Sources */,
				07B3A2F1263708D000DE8890 /* DetailPresenter.swift in Sources */,
				0755F75D263800210046A69A /* InfoView.swift in Sources */,
				076812BA2631B52F0023448F /* AppDelegate.swift in Sources */,
				07B3A2A22633140F00DE8890 /* HomeAssembler.swift in Sources */,
				07B3A29D26330F3900DE8890 /* HomeViewController.swift in Sources */,
				07B3A2B826346CE100DE8890 /* WeatherColors.swift in Sources */,
				07B3A2E32637032000DE8890 /* NavigableView.swift in Sources */,
				07B3A2FF26370C6100DE8890 /* SelectorCell.swift in Sources */,
				076812BC2631B52F0023448F /* SceneDelegate.swift in Sources */,
			);
			runOnlyForDeploymentPostprocessing = 0;
		};
		076812C82631B5300023448F /* Sources */ = {
			isa = PBXSourcesBuildPhase;
			buildActionMask = 2147483647;
			files = (
				0729064D263872280093082B /* AutoEquatable.generated.swift in Sources */,
				0729064E263872280093082B /* AutoMockable.generated.swift in Sources */,
				07B3A2D92636FD9A00DE8890 /* Utils.swift in Sources */,
				072906542638B31A0093082B /* DetailPresenterTests.swift in Sources */,
				07B3A2C82636F7AC00DE8890 /* HomeInteractorTests.swift in Sources */,
				07B3A2D12636FD3D00DE8890 /* WeatherMomentMapperTests.swift in Sources */,
				072906502638AFEB0093082B /* HomeViewModelMapperTests.swift in Sources */,
				07B3A2BF26356EA600DE8890 /* HomePresenterTests.swift in Sources */,
				072906572638B7280093082B /* InfoViewModelMapperTests.swift in Sources */,
			);
			runOnlyForDeploymentPostprocessing = 0;
		};
		076812D32631B5300023448F /* Sources */ = {
			isa = PBXSourcesBuildPhase;
			buildActionMask = 2147483647;
			files = (
				076812DC2631B5300023448F /* WeatherAppUITests.swift in Sources */,
			);
			runOnlyForDeploymentPostprocessing = 0;
		};
/* End PBXSourcesBuildPhase section */

/* Begin PBXTargetDependency section */
		076812CE2631B5300023448F /* PBXTargetDependency */ = {
			isa = PBXTargetDependency;
			target = 076812B52631B52F0023448F /* WeatherApp */;
			targetProxy = 076812CD2631B5300023448F /* PBXContainerItemProxy */;
		};
		076812D92631B5300023448F /* PBXTargetDependency */ = {
			isa = PBXTargetDependency;
			target = 076812B52631B52F0023448F /* WeatherApp */;
			targetProxy = 076812D82631B5300023448F /* PBXContainerItemProxy */;
		};
/* End PBXTargetDependency section */

/* Begin PBXVariantGroup section */
		076812BF2631B52F0023448F /* Main.storyboard */ = {
			isa = PBXVariantGroup;
			children = (
				076812C02631B52F0023448F /* Base */,
			);
			name = Main.storyboard;
			sourceTree = "<group>";
		};
		076812C42631B5300023448F /* LaunchScreen.storyboard */ = {
			isa = PBXVariantGroup;
			children = (
				076812C52631B5300023448F /* Base */,
			);
			name = LaunchScreen.storyboard;
			sourceTree = "<group>";
		};
/* End PBXVariantGroup section */

/* Begin XCBuildConfiguration section */
		076812DE2631B5300023448F /* Debug */ = {
			isa = XCBuildConfiguration;
			buildSettings = {
				ALWAYS_SEARCH_USER_PATHS = NO;
				CLANG_ANALYZER_NONNULL = YES;
				CLANG_ANALYZER_NUMBER_OBJECT_CONVERSION = YES_AGGRESSIVE;
				CLANG_CXX_LANGUAGE_STANDARD = "gnu++14";
				CLANG_CXX_LIBRARY = "libc++";
				CLANG_ENABLE_MODULES = YES;
				CLANG_ENABLE_OBJC_ARC = YES;
				CLANG_ENABLE_OBJC_WEAK = YES;
				CLANG_WARN_BLOCK_CAPTURE_AUTORELEASING = YES;
				CLANG_WARN_BOOL_CONVERSION = YES;
				CLANG_WARN_COMMA = YES;
				CLANG_WARN_CONSTANT_CONVERSION = YES;
				CLANG_WARN_DEPRECATED_OBJC_IMPLEMENTATIONS = YES;
				CLANG_WARN_DIRECT_OBJC_ISA_USAGE = YES_ERROR;
				CLANG_WARN_DOCUMENTATION_COMMENTS = YES;
				CLANG_WARN_EMPTY_BODY = YES;
				CLANG_WARN_ENUM_CONVERSION = YES;
				CLANG_WARN_INFINITE_RECURSION = YES;
				CLANG_WARN_INT_CONVERSION = YES;
				CLANG_WARN_NON_LITERAL_NULL_CONVERSION = YES;
				CLANG_WARN_OBJC_IMPLICIT_RETAIN_SELF = YES;
				CLANG_WARN_OBJC_LITERAL_CONVERSION = YES;
				CLANG_WARN_OBJC_ROOT_CLASS = YES_ERROR;
				CLANG_WARN_QUOTED_INCLUDE_IN_FRAMEWORK_HEADER = YES;
				CLANG_WARN_RANGE_LOOP_ANALYSIS = YES;
				CLANG_WARN_STRICT_PROTOTYPES = YES;
				CLANG_WARN_SUSPICIOUS_MOVE = YES;
				CLANG_WARN_UNGUARDED_AVAILABILITY = YES_AGGRESSIVE;
				CLANG_WARN_UNREACHABLE_CODE = YES;
				CLANG_WARN__DUPLICATE_METHOD_MATCH = YES;
				COPY_PHASE_STRIP = NO;
				DEBUG_INFORMATION_FORMAT = dwarf;
				ENABLE_STRICT_OBJC_MSGSEND = YES;
				ENABLE_TESTABILITY = YES;
				GCC_C_LANGUAGE_STANDARD = gnu11;
				GCC_DYNAMIC_NO_PIC = NO;
				GCC_NO_COMMON_BLOCKS = YES;
				GCC_OPTIMIZATION_LEVEL = 0;
				GCC_PREPROCESSOR_DEFINITIONS = (
					"DEBUG=1",
					"$(inherited)",
				);
				GCC_WARN_64_TO_32_BIT_CONVERSION = YES;
				GCC_WARN_ABOUT_RETURN_TYPE = YES_ERROR;
				GCC_WARN_UNDECLARED_SELECTOR = YES;
				GCC_WARN_UNINITIALIZED_AUTOS = YES_AGGRESSIVE;
				GCC_WARN_UNUSED_FUNCTION = YES;
				GCC_WARN_UNUSED_VARIABLE = YES;
				IPHONEOS_DEPLOYMENT_TARGET = 14.3;
				MTL_ENABLE_DEBUG_INFO = INCLUDE_SOURCE;
				MTL_FAST_MATH = YES;
				ONLY_ACTIVE_ARCH = YES;
				SDKROOT = iphoneos;
				SWIFT_ACTIVE_COMPILATION_CONDITIONS = DEBUG;
				SWIFT_OPTIMIZATION_LEVEL = "-Onone";
			};
			name = Debug;
		};
		076812DF2631B5300023448F /* Release */ = {
			isa = XCBuildConfiguration;
			buildSettings = {
				ALWAYS_SEARCH_USER_PATHS = NO;
				CLANG_ANALYZER_NONNULL = YES;
				CLANG_ANALYZER_NUMBER_OBJECT_CONVERSION = YES_AGGRESSIVE;
				CLANG_CXX_LANGUAGE_STANDARD = "gnu++14";
				CLANG_CXX_LIBRARY = "libc++";
				CLANG_ENABLE_MODULES = YES;
				CLANG_ENABLE_OBJC_ARC = YES;
				CLANG_ENABLE_OBJC_WEAK = YES;
				CLANG_WARN_BLOCK_CAPTURE_AUTORELEASING = YES;
				CLANG_WARN_BOOL_CONVERSION = YES;
				CLANG_WARN_COMMA = YES;
				CLANG_WARN_CONSTANT_CONVERSION = YES;
				CLANG_WARN_DEPRECATED_OBJC_IMPLEMENTATIONS = YES;
				CLANG_WARN_DIRECT_OBJC_ISA_USAGE = YES_ERROR;
				CLANG_WARN_DOCUMENTATION_COMMENTS = YES;
				CLANG_WARN_EMPTY_BODY = YES;
				CLANG_WARN_ENUM_CONVERSION = YES;
				CLANG_WARN_INFINITE_RECURSION = YES;
				CLANG_WARN_INT_CONVERSION = YES;
				CLANG_WARN_NON_LITERAL_NULL_CONVERSION = YES;
				CLANG_WARN_OBJC_IMPLICIT_RETAIN_SELF = YES;
				CLANG_WARN_OBJC_LITERAL_CONVERSION = YES;
				CLANG_WARN_OBJC_ROOT_CLASS = YES_ERROR;
				CLANG_WARN_QUOTED_INCLUDE_IN_FRAMEWORK_HEADER = YES;
				CLANG_WARN_RANGE_LOOP_ANALYSIS = YES;
				CLANG_WARN_STRICT_PROTOTYPES = YES;
				CLANG_WARN_SUSPICIOUS_MOVE = YES;
				CLANG_WARN_UNGUARDED_AVAILABILITY = YES_AGGRESSIVE;
				CLANG_WARN_UNREACHABLE_CODE = YES;
				CLANG_WARN__DUPLICATE_METHOD_MATCH = YES;
				COPY_PHASE_STRIP = NO;
				DEBUG_INFORMATION_FORMAT = "dwarf-with-dsym";
				ENABLE_NS_ASSERTIONS = NO;
				ENABLE_STRICT_OBJC_MSGSEND = YES;
				GCC_C_LANGUAGE_STANDARD = gnu11;
				GCC_NO_COMMON_BLOCKS = YES;
				GCC_WARN_64_TO_32_BIT_CONVERSION = YES;
				GCC_WARN_ABOUT_RETURN_TYPE = YES_ERROR;
				GCC_WARN_UNDECLARED_SELECTOR = YES;
				GCC_WARN_UNINITIALIZED_AUTOS = YES_AGGRESSIVE;
				GCC_WARN_UNUSED_FUNCTION = YES;
				GCC_WARN_UNUSED_VARIABLE = YES;
				IPHONEOS_DEPLOYMENT_TARGET = 14.3;
				MTL_ENABLE_DEBUG_INFO = NO;
				MTL_FAST_MATH = YES;
				SDKROOT = iphoneos;
				SWIFT_COMPILATION_MODE = wholemodule;
				SWIFT_OPTIMIZATION_LEVEL = "-O";
				VALIDATE_PRODUCT = YES;
			};
			name = Release;
		};
		076812E12631B5300023448F /* Debug */ = {
			isa = XCBuildConfiguration;
			baseConfigurationReference = 3A53CC69CFF0C9E6CEDFC2F0 /* Pods-WeatherApp.debug.xcconfig */;
			buildSettings = {
				ASSETCATALOG_COMPILER_APPICON_NAME = AppIcon;
				ASSETCATALOG_COMPILER_GLOBAL_ACCENT_COLOR_NAME = AccentColor;
				CODE_SIGN_STYLE = Automatic;
				DEVELOPMENT_TEAM = L7CH2KF5DC;
				INFOPLIST_FILE = WeatherApp/Info.plist;
				LD_RUNPATH_SEARCH_PATHS = (
					"$(inherited)",
					"@executable_path/Frameworks",
				);
				PRODUCT_BUNDLE_IDENTIFIER = fgfer.WeatherApp;
				PRODUCT_NAME = "$(TARGET_NAME)";
				SWIFT_VERSION = 5.0;
				TARGETED_DEVICE_FAMILY = "1,2";
			};
			name = Debug;
		};
		076812E22631B5300023448F /* Release */ = {
			isa = XCBuildConfiguration;
			baseConfigurationReference = DE0652D4BDBAC198B03A587A /* Pods-WeatherApp.release.xcconfig */;
			buildSettings = {
				ASSETCATALOG_COMPILER_APPICON_NAME = AppIcon;
				ASSETCATALOG_COMPILER_GLOBAL_ACCENT_COLOR_NAME = AccentColor;
				CODE_SIGN_STYLE = Automatic;
				DEVELOPMENT_TEAM = L7CH2KF5DC;
				INFOPLIST_FILE = WeatherApp/Info.plist;
				LD_RUNPATH_SEARCH_PATHS = (
					"$(inherited)",
					"@executable_path/Frameworks",
				);
				PRODUCT_BUNDLE_IDENTIFIER = fgfer.WeatherApp;
				PRODUCT_NAME = "$(TARGET_NAME)";
				SWIFT_VERSION = 5.0;
				TARGETED_DEVICE_FAMILY = "1,2";
			};
			name = Release;
		};
		076812E42631B5300023448F /* Debug */ = {
			isa = XCBuildConfiguration;
			baseConfigurationReference = E93A0685D75C12B7A47F8569 /* Pods-WeatherAppTests.debug.xcconfig */;
			buildSettings = {
				ALWAYS_EMBED_SWIFT_STANDARD_LIBRARIES = YES;
				BUNDLE_LOADER = "$(TEST_HOST)";
				CODE_SIGN_STYLE = Automatic;
				DEVELOPMENT_TEAM = L7CH2KF5DC;
				INFOPLIST_FILE = WeatherAppTests/Info.plist;
				IPHONEOS_DEPLOYMENT_TARGET = 14.3;
				LD_RUNPATH_SEARCH_PATHS = (
					"$(inherited)",
					"@executable_path/Frameworks",
					"@loader_path/Frameworks",
				);
				PRODUCT_BUNDLE_IDENTIFIER = fgfer.WeatherAppTests;
				PRODUCT_NAME = "$(TARGET_NAME)";
				SWIFT_VERSION = 5.0;
				TARGETED_DEVICE_FAMILY = "1,2";
				TEST_HOST = "$(BUILT_PRODUCTS_DIR)/WeatherApp.app/WeatherApp";
			};
			name = Debug;
		};
		076812E52631B5300023448F /* Release */ = {
			isa = XCBuildConfiguration;
			baseConfigurationReference = C69007DBE591A5DA56E40128 /* Pods-WeatherAppTests.release.xcconfig */;
			buildSettings = {
				ALWAYS_EMBED_SWIFT_STANDARD_LIBRARIES = YES;
				BUNDLE_LOADER = "$(TEST_HOST)";
				CODE_SIGN_STYLE = Automatic;
				DEVELOPMENT_TEAM = L7CH2KF5DC;
				INFOPLIST_FILE = WeatherAppTests/Info.plist;
				IPHONEOS_DEPLOYMENT_TARGET = 14.3;
				LD_RUNPATH_SEARCH_PATHS = (
					"$(inherited)",
					"@executable_path/Frameworks",
					"@loader_path/Frameworks",
				);
				PRODUCT_BUNDLE_IDENTIFIER = fgfer.WeatherAppTests;
				PRODUCT_NAME = "$(TARGET_NAME)";
				SWIFT_VERSION = 5.0;
				TARGETED_DEVICE_FAMILY = "1,2";
				TEST_HOST = "$(BUILT_PRODUCTS_DIR)/WeatherApp.app/WeatherApp";
			};
			name = Release;
		};
		076812E72631B5300023448F /* Debug */ = {
			isa = XCBuildConfiguration;
			baseConfigurationReference = BD05F3E8A97E3FB40BF6C6FB /* Pods-WeatherApp-WeatherAppUITests.debug.xcconfig */;
			buildSettings = {
				ALWAYS_EMBED_SWIFT_STANDARD_LIBRARIES = YES;
				CODE_SIGN_STYLE = Automatic;
				DEVELOPMENT_TEAM = L7CH2KF5DC;
				INFOPLIST_FILE = WeatherAppUITests/Info.plist;
				LD_RUNPATH_SEARCH_PATHS = (
					"$(inherited)",
					"@executable_path/Frameworks",
					"@loader_path/Frameworks",
				);
				PRODUCT_BUNDLE_IDENTIFIER = fgfer.WeatherAppUITests;
				PRODUCT_NAME = "$(TARGET_NAME)";
				SWIFT_VERSION = 5.0;
				TARGETED_DEVICE_FAMILY = "1,2";
				TEST_TARGET_NAME = WeatherApp;
			};
			name = Debug;
		};
		076812E82631B5300023448F /* Release */ = {
			isa = XCBuildConfiguration;
			baseConfigurationReference = 9A275FFC9009AFF8EEFD9DC7 /* Pods-WeatherApp-WeatherAppUITests.release.xcconfig */;
			buildSettings = {
				ALWAYS_EMBED_SWIFT_STANDARD_LIBRARIES = YES;
				CODE_SIGN_STYLE = Automatic;
				DEVELOPMENT_TEAM = L7CH2KF5DC;
				INFOPLIST_FILE = WeatherAppUITests/Info.plist;
				LD_RUNPATH_SEARCH_PATHS = (
					"$(inherited)",
					"@executable_path/Frameworks",
					"@loader_path/Frameworks",
				);
				PRODUCT_BUNDLE_IDENTIFIER = fgfer.WeatherAppUITests;
				PRODUCT_NAME = "$(TARGET_NAME)";
				SWIFT_VERSION = 5.0;
				TARGETED_DEVICE_FAMILY = "1,2";
				TEST_TARGET_NAME = WeatherApp;
			};
			name = Release;
		};
/* End XCBuildConfiguration section */

/* Begin XCConfigurationList section */
		076812B12631B52F0023448F /* Build configuration list for PBXProject "WeatherApp" */ = {
			isa = XCConfigurationList;
			buildConfigurations = (
				076812DE2631B5300023448F /* Debug */,
				076812DF2631B5300023448F /* Release */,
			);
			defaultConfigurationIsVisible = 0;
			defaultConfigurationName = Release;
		};
		076812E02631B5300023448F /* Build configuration list for PBXNativeTarget "WeatherApp" */ = {
			isa = XCConfigurationList;
			buildConfigurations = (
				076812E12631B5300023448F /* Debug */,
				076812E22631B5300023448F /* Release */,
			);
			defaultConfigurationIsVisible = 0;
			defaultConfigurationName = Release;
		};
		076812E32631B5300023448F /* Build configuration list for PBXNativeTarget "WeatherAppTests" */ = {
			isa = XCConfigurationList;
			buildConfigurations = (
				076812E42631B5300023448F /* Debug */,
				076812E52631B5300023448F /* Release */,
			);
			defaultConfigurationIsVisible = 0;
			defaultConfigurationName = Release;
		};
		076812E62631B5300023448F /* Build configuration list for PBXNativeTarget "WeatherAppUITests" */ = {
			isa = XCConfigurationList;
			buildConfigurations = (
				076812E72631B5300023448F /* Debug */,
				076812E82631B5300023448F /* Release */,
			);
			defaultConfigurationIsVisible = 0;
			defaultConfigurationName = Release;
		};
/* End XCConfigurationList section */
	};
	rootObject = 076812AE2631B52F0023448F /* Project object */;
}
